
Microsoft Visual Studio Solution File, Format Version 12.00
# Visual Studio Version 16
VisualStudioVersion = 16.0.30309.148
MinimumVisualStudioVersion = 10.0.40219.1
Project("{FAE04EC0-301F-11D3-BF4B-00C04F79EFBC}") = "OnlineShop", "OnlineShop\OnlineShop.csproj", "{01948809-97B1-4EC7-8356-C64F9B17C26B}"
EndProject
Global
	GlobalSection(SolutionConfigurationPlatforms) = preSolution
		Debug|Any CPU = Debug|Any CPU
		Release|Any CPU = Release|Any CPU
	EndGlobalSection
	GlobalSection(ProjectConfigurationPlatforms) = postSolution
		{01948809-97B1-4EC7-8356-C64F9B17C26B}.Debug|Any CPU.ActiveCfg = Debug|Any CPU
		{01948809-97B1-4EC7-8356-C64F9B17C26B}.Debug|Any CPU.Build.0 = Debug|Any CPU
		{01948809-97B1-4EC7-8356-C64F9B17C26B}.Release|Any CPU.ActiveCfg = Release|Any CPU
		{01948809-97B1-4EC7-8356-C64F9B17C26B}.Release|Any CPU.Build.0 = Release|Any CPU
	EndGlobalSection
	GlobalSection(SolutionProperties) = preSolution
		HideSolutionNode = FALSE
	EndGlobalSection
	GlobalSection(ExtensibilityGlobals) = postSolution
		SolutionGuid = {D16950AE-F3C7-4F12-8209-C50450FE2CE5}
	EndGlobalSection
EndGlobal
